
Microsoft Visual Studio Solution File, Format Version 12.00
# Visual Studio Version 17
VisualStudioVersion = 17.11.35222.181
MinimumVisualStudioVersion = 10.0.40219.1
Project("{FAE04EC0-301F-11D3-BF4B-00C04F79EFBC}") = "Приклад 2", "Приклад 2.csproj", "{42A90578-8DC5-4E15-9C2A-3F7A5D2E8302}"
EndProject
Global
	GlobalSection(SolutionConfigurationPlatforms) = preSolution
		Debug|Any CPU = Debug|Any CPU
		Release|Any CPU = Release|Any CPU
	EndGlobalSection
	GlobalSection(ProjectConfigurationPlatforms) = postSolution
		{42A90578-8DC5-4E15-9C2A-3F7A5D2E8302}.Debug|Any CPU.ActiveCfg = Debug|Any CPU
		{42A90578-8DC5-4E15-9C2A-3F7A5D2E8302}.Debug|Any CPU.Build.0 = Debug|Any CPU
		{42A90578-8DC5-4E15-9C2A-3F7A5D2E8302}.Release|Any CPU.ActiveCfg = Release|Any CPU
		{42A90578-8DC5-4E15-9C2A-3F7A5D2E8302}.Release|Any CPU.Build.0 = Release|Any CPU
	EndGlobalSection
	GlobalSection(SolutionProperties) = preSolution
		HideSolutionNode = FALSE
	EndGlobalSection
	GlobalSection(ExtensibilityGlobals) = postSolution
		SolutionGuid = {B8645B7C-D891-4319-BA2A-F0E68048AE1B}
	EndGlobalSection
EndGlobal
